
Microsoft Visual Studio Solution File, Format Version 12.00
# Visual Studio Version 16
VisualStudioVersion = 16.0.30320.27
MinimumVisualStudioVersion = 10.0.40219.1
Project("{FAE04EC0-301F-11D3-BF4B-00C04F79EFBC}") = "LogicSqlFunc2", "LogicSqlFunc2\LogicSqlFunc2.csproj", "{6DA5F24A-F97D-44ED-AF37-3437072A3A7C}"
EndProject
Global
	GlobalSection(SolutionConfigurationPlatforms) = preSolution
		Debug|Any CPU = Debug|Any CPU
		Release|Any CPU = Release|Any CPU
	EndGlobalSection
	GlobalSection(ProjectConfigurationPlatforms) = postSolution
		{6DA5F24A-F97D-44ED-AF37-3437072A3A7C}.Debug|Any CPU.ActiveCfg = Debug|Any CPU
		{6DA5F24A-F97D-44ED-AF37-3437072A3A7C}.Debug|Any CPU.Build.0 = Debug|Any CPU
		{6DA5F24A-F97D-44ED-AF37-3437072A3A7C}.Release|Any CPU.ActiveCfg = Release|Any CPU
		{6DA5F24A-F97D-44ED-AF37-3437072A3A7C}.Release|Any CPU.Build.0 = Release|Any CPU
	EndGlobalSection
	GlobalSection(SolutionProperties) = preSolution
		HideSolutionNode = FALSE
	EndGlobalSection
	GlobalSection(ExtensibilityGlobals) = postSolution
		SolutionGuid = {0F0692EC-C376-4351-9F13-0D7A3121D6AA}
	EndGlobalSection
EndGlobal
